
Microsoft Visual Studio Solution File, Format Version 12.00
# Visual Studio Version 17
VisualStudioVersion = 17.8.34511.84
MinimumVisualStudioVersion = 10.0.40219.1
Project("{8BC9CEB8-8B4A-11D0-8D11-00A0C91BC942}") = "Project", "Project\Project.vcxproj", "{CFFC7AA8-398C-43A8-B17C-5D2B2E9F6EF8}"
EndProject
Global
	GlobalSection(SolutionConfigurationPlatforms) = preSolution
		Debug|x64 = Debug|x64
		Debug|x86 = Debug|x86
		Release|x64 = Release|x64
		Release|x86 = Release|x86
	EndGlobalSection
	GlobalSection(ProjectConfigurationPlatforms) = postSolution
		{CFFC7AA8-398C-43A8-B17C-5D2B2E9F6EF8}.Debug|x64.ActiveCfg = Debug|x64
		{CFFC7AA8-398C-43A8-B17C-5D2B2E9F6EF8}.Debug|x64.Build.0 = Debug|x64
		{CFFC7AA8-398C-43A8-B17C-5D2B2E9F6EF8}.Debug|x86.ActiveCfg = Debug|Win32
		{CFFC7AA8-398C-43A8-B17C-5D2B2E9F6EF8}.Debug|x86.Build.0 = Debug|Win32
		{CFFC7AA8-398C-43A8-B17C-5D2B2E9F6EF8}.Release|x64.ActiveCfg = Release|x64
		{CFFC7AA8-398C-43A8-B17C-5D2B2E9F6EF8}.Release|x64.Build.0 = Release|x64
		{CFFC7AA8-398C-43A8-B17C-5D2B2E9F6EF8}.Release|x86.ActiveCfg = Release|Win32
		{CFFC7AA8-398C-43A8-B17C-5D2B2E9F6EF8}.Release|x86.Build.0 = Release|Win32
	EndGlobalSection
	GlobalSection(SolutionProperties) = preSolution
		HideSolutionNode = FALSE
	EndGlobalSection
	GlobalSection(ExtensibilityGlobals) = postSolution
		SolutionGuid = {F1177D32-A6F9-4799-B1EB-F074C682F3A1}
	EndGlobalSection
EndGlobal
